
Microsoft Visual Studio Solution File, Format Version 12.00
# Visual Studio Version 17
VisualStudioVersion = 17.12.35323.107
MinimumVisualStudioVersion = 10.0.40219.1
Project("{FAE04EC0-301F-11D3-BF4B-00C04F79EFBC}") = "01_MainSubjects", "01_MainSubjects\01_MainSubjects.csproj", "{01CC879B-7F1A-478F-BEFC-C9EA2CC7049F}"
EndProject
Project("{FAE04EC0-301F-11D3-BF4B-00C04F79EFBC}") = "02_Variables", "02_Variables\02_Variables.csproj", "{56C79334-AF5D-4635-9387-EAA4A100FD8D}"
EndProject
Global
	GlobalSection(SolutionConfigurationPlatforms) = preSolution
		Debug|Any CPU = Debug|Any CPU
		Release|Any CPU = Release|Any CPU
	EndGlobalSection
	GlobalSection(ProjectConfigurationPlatforms) = postSolution
		{01CC879B-7F1A-478F-BEFC-C9EA2CC7049F}.Debug|Any CPU.ActiveCfg = Debug|Any CPU
		{01CC879B-7F1A-478F-BEFC-C9EA2CC7049F}.Debug|Any CPU.Build.0 = Debug|Any CPU
		{01CC879B-7F1A-478F-BEFC-C9EA2CC7049F}.Release|Any CPU.ActiveCfg = Release|Any CPU
		{01CC879B-7F1A-478F-BEFC-C9EA2CC7049F}.Release|Any CPU.Build.0 = Release|Any CPU
		{56C79334-AF5D-4635-9387-EAA4A100FD8D}.Debug|Any CPU.ActiveCfg = Debug|Any CPU
		{56C79334-AF5D-4635-9387-EAA4A100FD8D}.Debug|Any CPU.Build.0 = Debug|Any CPU
		{56C79334-AF5D-4635-9387-EAA4A100FD8D}.Release|Any CPU.ActiveCfg = Release|Any CPU
		{56C79334-AF5D-4635-9387-EAA4A100FD8D}.Release|Any CPU.Build.0 = Release|Any CPU
	EndGlobalSection
	GlobalSection(SolutionProperties) = preSolution
		HideSolutionNode = FALSE
	EndGlobalSection
	GlobalSection(ExtensibilityGlobals) = postSolution
		SolutionGuid = {7C115CFC-09A0-40E2-BA85-D2607F422163}
	EndGlobalSection
EndGlobal
